
Microsoft Visual Studio Solution File, Format Version 12.00
# Visual Studio Version 16
VisualStudioVersion = 16.0.30413.136
MinimumVisualStudioVersion = 10.0.40219.1
Project("{9A19103F-16F7-4668-BE54-9A1E7A4F7556}") = "ControleFinanceiro.API", "ControleFinanceiro.API\ControleFinanceiro.API.csproj", "{22174630-E5F0-4283-85AE-D86569095727}"
EndProject
Project("{FAE04EC0-301F-11D3-BF4B-00C04F79EFBC}") = "ControleFinanceiro.BLL", "..\ControleFinanceiro.BLL\ControleFinanceiro.BLL.csproj", "{FF925CC6-C325-4630-9763-3AFC8D1F9A6A}"
EndProject
Project("{FAE04EC0-301F-11D3-BF4B-00C04F79EFBC}") = "ControleFinanceiro.DAL", "..\ControleFinanceiro.DAL\ControleFinanceiro.DAL.csproj", "{F2BACE3E-A30C-4659-B096-DCE442EFE5E4}"
EndProject
Global
	GlobalSection(SolutionConfigurationPlatforms) = preSolution
		Debug|Any CPU = Debug|Any CPU
		Release|Any CPU = Release|Any CPU
	EndGlobalSection
	GlobalSection(ProjectConfigurationPlatforms) = postSolution
		{22174630-E5F0-4283-85AE-D86569095727}.Debug|Any CPU.ActiveCfg = Debug|Any CPU
		{22174630-E5F0-4283-85AE-D86569095727}.Debug|Any CPU.Build.0 = Debug|Any CPU
		{22174630-E5F0-4283-85AE-D86569095727}.Release|Any CPU.ActiveCfg = Release|Any CPU
		{22174630-E5F0-4283-85AE-D86569095727}.Release|Any CPU.Build.0 = Release|Any CPU
		{FF925CC6-C325-4630-9763-3AFC8D1F9A6A}.Debug|Any CPU.ActiveCfg = Debug|Any CPU
		{FF925CC6-C325-4630-9763-3AFC8D1F9A6A}.Debug|Any CPU.Build.0 = Debug|Any CPU
		{FF925CC6-C325-4630-9763-3AFC8D1F9A6A}.Release|Any CPU.ActiveCfg = Release|Any CPU
		{FF925CC6-C325-4630-9763-3AFC8D1F9A6A}.Release|Any CPU.Build.0 = Release|Any CPU
		{F2BACE3E-A30C-4659-B096-DCE442EFE5E4}.Debug|Any CPU.ActiveCfg = Debug|Any CPU
		{F2BACE3E-A30C-4659-B096-DCE442EFE5E4}.Debug|Any CPU.Build.0 = Debug|Any CPU
		{F2BACE3E-A30C-4659-B096-DCE442EFE5E4}.Release|Any CPU.ActiveCfg = Release|Any CPU
		{F2BACE3E-A30C-4659-B096-DCE442EFE5E4}.Release|Any CPU.Build.0 = Release|Any CPU
	EndGlobalSection
	GlobalSection(SolutionProperties) = preSolution
		HideSolutionNode = FALSE
	EndGlobalSection
	GlobalSection(ExtensibilityGlobals) = postSolution
		SolutionGuid = {BF03F7E0-8CD8-434A-A7A9-0F82315117AF}
	EndGlobalSection
EndGlobal
